
Microsoft Visual Studio Solution File, Format Version 12.00
# Visual Studio Version 16
VisualStudioVersion = 16.0.32126.315
MinimumVisualStudioVersion = 10.0.40219.1
Project("{FAE04EC0-301F-11D3-BF4B-00C04F79EFBC}") = "SnaffPoint", "SnaffPoint\SnaffPoint.csproj", "{879A49C7-0493-4235-85F6-EBF962613A76}"
EndProject
Project("{FAE04EC0-301F-11D3-BF4B-00C04F79EFBC}") = "GetBearerToken", "GetBearerToken\GetBearerToken.csproj", "{A3640B4E-66C9-4211-84F1-E4A7B337BB1E}"
EndProject
Global
	GlobalSection(SolutionConfigurationPlatforms) = preSolution
		Debug|Any CPU = Debug|Any CPU
		Release|Any CPU = Release|Any CPU
	EndGlobalSection
	GlobalSection(ProjectConfigurationPlatforms) = postSolution
		{879A49C7-0493-4235-85F6-EBF962613A76}.Debug|Any CPU.ActiveCfg = Debug|Any CPU
		{879A49C7-0493-4235-85F6-EBF962613A76}.Debug|Any CPU.Build.0 = Debug|Any CPU
		{879A49C7-0493-4235-85F6-EBF962613A76}.Release|Any CPU.ActiveCfg = Release|Any CPU
		{879A49C7-0493-4235-85F6-EBF962613A76}.Release|Any CPU.Build.0 = Release|Any CPU
		{A3640B4E-66C9-4211-84F1-E4A7B337BB1E}.Debug|Any CPU.ActiveCfg = Debug|Any CPU
		{A3640B4E-66C9-4211-84F1-E4A7B337BB1E}.Debug|Any CPU.Build.0 = Debug|Any CPU
		{A3640B4E-66C9-4211-84F1-E4A7B337BB1E}.Release|Any CPU.ActiveCfg = Release|Any CPU
		{A3640B4E-66C9-4211-84F1-E4A7B337BB1E}.Release|Any CPU.Build.0 = Release|Any CPU
	EndGlobalSection
	GlobalSection(SolutionProperties) = preSolution
		HideSolutionNode = FALSE
	EndGlobalSection
	GlobalSection(ExtensibilityGlobals) = postSolution
		SolutionGuid = {807A1A7D-11E1-4CFB-87C8-AFE78EB2AA6B}
	EndGlobalSection
EndGlobal
